
Microsoft Visual Studio Solution File, Format Version 12.00
# Visual Studio Version 16
VisualStudioVersion = 16.0.31729.503
MinimumVisualStudioVersion = 10.0.40219.1
Project("{FAE04EC0-301F-11D3-BF4B-00C04F79EFBC}") = "BaiTap2", "BaiTap2.csproj", "{16DDD23A-86E2-47E4-B7DB-4447ACBB0FF1}"
EndProject
Global
	GlobalSection(SolutionConfigurationPlatforms) = preSolution
		Debug|Any CPU = Debug|Any CPU
		Release|Any CPU = Release|Any CPU
	EndGlobalSection
	GlobalSection(ProjectConfigurationPlatforms) = postSolution
		{16DDD23A-86E2-47E4-B7DB-4447ACBB0FF1}.Debug|Any CPU.ActiveCfg = Debug|Any CPU
		{16DDD23A-86E2-47E4-B7DB-4447ACBB0FF1}.Debug|Any CPU.Build.0 = Debug|Any CPU
		{16DDD23A-86E2-47E4-B7DB-4447ACBB0FF1}.Release|Any CPU.ActiveCfg = Release|Any CPU
		{16DDD23A-86E2-47E4-B7DB-4447ACBB0FF1}.Release|Any CPU.Build.0 = Release|Any CPU
	EndGlobalSection
	GlobalSection(SolutionProperties) = preSolution
		HideSolutionNode = FALSE
	EndGlobalSection
	GlobalSection(ExtensibilityGlobals) = postSolution
		SolutionGuid = {0D5368AB-3990-488A-853B-C61E67A2739A}
	EndGlobalSection
EndGlobal
